
Microsoft Visual Studio Solution File, Format Version 12.00
# Visual Studio Version 17
VisualStudioVersion = 17.1.32210.238
MinimumVisualStudioVersion = 10.0.40219.1
Project("{9A19103F-16F7-4668-BE54-9A1E7A4F7556}") = "UserService", "UserService\UserService.csproj", "{F10FFD72-3A6E-4E5E-A82F-6490C83683A7}"
EndProject
Project("{FAE04EC0-301F-11D3-BF4B-00C04F79EFBC}") = "GateWay", "GateWay\GateWay.csproj", "{4EF2C91F-DCFE-4546-B021-ED50101B1887}"
EndProject
Global
	GlobalSection(SolutionConfigurationPlatforms) = preSolution
		Debug|Any CPU = Debug|Any CPU
		Release|Any CPU = Release|Any CPU
	EndGlobalSection
	GlobalSection(ProjectConfigurationPlatforms) = postSolution
		{F10FFD72-3A6E-4E5E-A82F-6490C83683A7}.Debug|Any CPU.ActiveCfg = Debug|Any CPU
		{F10FFD72-3A6E-4E5E-A82F-6490C83683A7}.Debug|Any CPU.Build.0 = Debug|Any CPU
		{F10FFD72-3A6E-4E5E-A82F-6490C83683A7}.Release|Any CPU.ActiveCfg = Release|Any CPU
		{F10FFD72-3A6E-4E5E-A82F-6490C83683A7}.Release|Any CPU.Build.0 = Release|Any CPU
		{4EF2C91F-DCFE-4546-B021-ED50101B1887}.Debug|Any CPU.ActiveCfg = Debug|Any CPU
		{4EF2C91F-DCFE-4546-B021-ED50101B1887}.Debug|Any CPU.Build.0 = Debug|Any CPU
		{4EF2C91F-DCFE-4546-B021-ED50101B1887}.Release|Any CPU.ActiveCfg = Release|Any CPU
		{4EF2C91F-DCFE-4546-B021-ED50101B1887}.Release|Any CPU.Build.0 = Release|Any CPU
	EndGlobalSection
	GlobalSection(SolutionProperties) = preSolution
		HideSolutionNode = FALSE
	EndGlobalSection
	GlobalSection(ExtensibilityGlobals) = postSolution
		SolutionGuid = {67C0C00D-7109-46DF-AFE2-63353044633D}
	EndGlobalSection
EndGlobal
